github.com/gen2brain/raylib-go/raylib v0.0.0-20220116181443-e4777d30ee99 h1:oIi/mobSw0P7bujBj8og1cAvHJw2vBbjcA8gJfUgfyA=
github.com/gen2brain/raylib-go/raylib v0.0.0-20220116181443-e4777d30ee99/go.mod h1:+NbsqGlEQqGqrsgJFF5Yj2dkvn0ML2SQb8RqM2hJsPU=
github.com/lachee/raylib-goplus v0.0.0-20200605081007-7ca39b8afc71 h1:H4fcwldyU7pQvzyR3fuNLe0Gs3f7yLg/lH7NorUTc7I=
github.com/lachee/raylib-goplus v0.0.0-20200605081007-7ca39b8afc71/go.mod h1:dBwvFApqhdnnQuWzvHZnvWph/zlTAHC3nd/Hy6yBE8U=
